
Microsoft Visual Studio Solution File, Format Version 12.00
# Visual Studio 15
Project("{FAE04EC0-301F-11D3-BF4B-00C04F79EFBC}") = "Meemim Sop", "Assembly-CSharp.csproj", "{9478796E-9344-65E1-E6D6-BDF712A27CE1}"
EndProject
Project("{FAE04EC0-301F-11D3-BF4B-00C04F79EFBC}") = "Meemim Sop", "Assembly-CSharp-Editor.csproj", "{647E8885-BC7B-E745-EB50-07500C0C9640}"
EndProject
Global
	GlobalSection(SolutionConfigurationPlatforms) = preSolution
		Debug|Any CPU = Debug|Any CPU
		Release|Any CPU = Release|Any CPU
	EndGlobalSection
	GlobalSection(ProjectConfigurationPlatforms) = postSolution
		{9478796E-9344-65E1-E6D6-BDF712A27CE1}.Debug|Any CPU.ActiveCfg = Debug|Any CPU
		{9478796E-9344-65E1-E6D6-BDF712A27CE1}.Debug|Any CPU.Build.0 = Debug|Any CPU
		{9478796E-9344-65E1-E6D6-BDF712A27CE1}.Release|Any CPU.ActiveCfg = Release|Any CPU
		{9478796E-9344-65E1-E6D6-BDF712A27CE1}.Release|Any CPU.Build.0 = Release|Any CPU
		{647E8885-BC7B-E745-EB50-07500C0C9640}.Debug|Any CPU.ActiveCfg = Debug|Any CPU
		{647E8885-BC7B-E745-EB50-07500C0C9640}.Debug|Any CPU.Build.0 = Debug|Any CPU
		{647E8885-BC7B-E745-EB50-07500C0C9640}.Release|Any CPU.ActiveCfg = Release|Any CPU
		{647E8885-BC7B-E745-EB50-07500C0C9640}.Release|Any CPU.Build.0 = Release|Any CPU
	EndGlobalSection
	GlobalSection(SolutionProperties) = preSolution
		HideSolutionNode = FALSE
	EndGlobalSection
EndGlobal
